# This file was autogenerated by Stack.
# You should not edit this file by hand.
# For more information, please see the documentation at:
#   https://docs.haskellstack.org/en/stable/lock_files

packages:
- completed:
    hackage: persistent-redis-2.5.2.5@sha256:57a0f2dee4b108494aa86f98081fcb13a6eba7d897813480780db79979375bde,3198
    pantry-tree:
      size: 728
      sha256: 0cedbcbdf418d1c66eff0d77eaf4b035d761f8d301176601848c6986ebeb1d17
  original:
    hackage: persistent-redis-2.5.2.5@sha256:57a0f2dee4b108494aa86f98081fcb13a6eba7d897813480780db79979375bde,3198
snapshots:
- completed:
    size: 534126
    url: https://raw.githubusercontent.com/commercialhaskell/stackage-snapshots/master/lts/16/31.yaml
    sha256: 637fb77049b25560622a224845b7acfe81a09fdb6a96a3c75997a10b651667f6
  original: lts-16.31
